
Microsoft Visual Studio Solution File, Format Version 12.00
# Visual Studio Version 17
VisualStudioVersion = 17.10.34928.147
MinimumVisualStudioVersion = 10.0.40219.1
Project("{FAE04EC0-301F-11D3-BF4B-00C04F79EFBC}") = "Scraper-v0.1", "Scraper-v0.1\Scraper-v0.1.csproj", "{BC5E9229-36E4-4BA6-82EE-053003BA526F}"
EndProject
Global
	GlobalSection(SolutionConfigurationPlatforms) = preSolution
		Debug|Any CPU = Debug|Any CPU
		Release|Any CPU = Release|Any CPU
	EndGlobalSection
	GlobalSection(ProjectConfigurationPlatforms) = postSolution
		{BC5E9229-36E4-4BA6-82EE-053003BA526F}.Debug|Any CPU.ActiveCfg = Debug|Any CPU
		{BC5E9229-36E4-4BA6-82EE-053003BA526F}.Debug|Any CPU.Build.0 = Debug|Any CPU
		{BC5E9229-36E4-4BA6-82EE-053003BA526F}.Release|Any CPU.ActiveCfg = Release|Any CPU
		{BC5E9229-36E4-4BA6-82EE-053003BA526F}.Release|Any CPU.Build.0 = Release|Any CPU
	EndGlobalSection
	GlobalSection(SolutionProperties) = preSolution
		HideSolutionNode = FALSE
	EndGlobalSection
	GlobalSection(ExtensibilityGlobals) = postSolution
		SolutionGuid = {31086F38-7C6F-4371-913F-22599037DBB2}
	EndGlobalSection
EndGlobal
